PODS:
  - Alamofire (4.0.1)
  - ModelMapper (5.0.0-beta.2)
  - Moya (8.0.0-beta.2):
    - Moya/Core (= 8.0.0-beta.2)
  - Moya-ModelMapper (4.0.0):
    - Moya-ModelMapper/Core (= 4.0.0)
  - Moya-ModelMapper/Core (4.0.0):
    - ModelMapper (>= 2.0)
    - Moya (~> 8.0.0-beta.2)
  - Moya/Core (8.0.0-beta.2):
    - Alamofire (~> 4.0.0)
    - Result
  - Result (3.0.0)

DEPENDENCIES:
  - ModelMapper (from `https://github.com/lyft/mapper.git`, tag `5.0.0-beta.2`)
  - Moya-ModelMapper (from `../`)

EXTERNAL SOURCES:
  ModelMapper:
    :git: https://github.com/lyft/mapper.git
    :tag: 5.0.0-beta.2
  Moya-ModelMapper:
    :path: "../"

CHECKOUT OPTIONS:
  ModelMapper:
    :git: https://github.com/lyft/mapper.git
    :tag: 5.0.0-beta.2

SPEC CHECKSUMS:
  Alamofire: 7682d43245de14874acd142ec137b144aa1dd335
  ModelMapper: b306e689e231331896d447a36a54643c5da0bacd
  Moya: 920d40f738e6f4ece84010cec701bb9693be8251
  Moya-ModelMapper: e124a20e0e5459ad568709a16b1c1c4ed52d41c0
  Result: 1b3e431f37cbcd3ad89c6aa9ab0ae55515fae3b6

PODFILE CHECKSUM: cdcb4265f26b3f469176daa902fecce9131453ad

COCOAPODS: 1.0.1
